
Microsoft Visual Studio Solution File, Format Version 12.00
Project("{FAE04EC0-301F-11D3-BF4B-00C04F79EFBC}") = "Final", "Final.csproj", "{761393F7-1B03-4AA4-9167-80FC786F6B88}"
EndProject
Global
	GlobalSection(SolutionConfigurationPlatforms) = preSolution
		Debug|Any CPU = Debug|Any CPU
		Release|Any CPU = Release|Any CPU
	EndGlobalSection
	GlobalSection(ProjectConfigurationPlatforms) = postSolution
		{761393F7-1B03-4AA4-9167-80FC786F6B88}.Debug|Any CPU.ActiveCfg = Debug|Any CPU
		{761393F7-1B03-4AA4-9167-80FC786F6B88}.Debug|Any CPU.Build.0 = Debug|Any CPU
		{761393F7-1B03-4AA4-9167-80FC786F6B88}.Release|Any CPU.ActiveCfg = Release|Any CPU
		{761393F7-1B03-4AA4-9167-80FC786F6B88}.Release|Any CPU.Build.0 = Release|Any CPU
	EndGlobalSection
EndGlobal
